
Microsoft Visual Studio Solution File, Format Version 12.00
# Visual Studio Version 16
VisualStudioVersion = 25.0.1700.6
MinimumVisualStudioVersion = 10.0.40219.1
Project("{FAE04EC0-301F-11D3-BF4B-00C04F79EFBC}") = "Golf.Fields.Api", "Golf.Fields.Api\Golf.Fields.Api.csproj", "{AC359D6C-A10A-4E7D-8715-FF269B3B525E}"
EndProject
Project("{FAE04EC0-301F-11D3-BF4B-00C04F79EFBC}") = "Golf.Fields.Services", "Golf.Fields.Services\Golf.Fields.Services.csproj", "{BB8727E5-8FC0-4769-ABCF-8D0A9648A458}"
EndProject
Project("{FAE04EC0-301F-11D3-BF4B-00C04F79EFBC}") = "Golf.Fields.Shared", "Golf.Fields.Shared\Golf.Fields.Shared.csproj", "{AC1C27AE-6F81-40CA-A122-8D42AA0CC98B}"
EndProject
Project("{FAE04EC0-301F-11D3-BF4B-00C04F79EFBC}") = "Golf.Fields.Database", "Golf.Fields.Database\Golf.Fields.Database.csproj", "{A84F3515-8FE7-4DB9-BE66-5688E96135EE}"
EndProject
Project("{FAE04EC0-301F-11D3-BF4B-00C04F79EFBC}") = "Golf.Fields.Background", "Golf.Fields.Background\Golf.Fields.Background.csproj", "{EEC86BBA-4F6D-45B2-AFB1-899BE832BC81}"
EndProject
Global
	GlobalSection(SolutionConfigurationPlatforms) = preSolution
		Debug|Any CPU = Debug|Any CPU
		Release|Any CPU = Release|Any CPU
	EndGlobalSection
	GlobalSection(ProjectConfigurationPlatforms) = postSolution
		{AC359D6C-A10A-4E7D-8715-FF269B3B525E}.Debug|Any CPU.ActiveCfg = Debug|Any CPU
		{AC359D6C-A10A-4E7D-8715-FF269B3B525E}.Debug|Any CPU.Build.0 = Debug|Any CPU
		{AC359D6C-A10A-4E7D-8715-FF269B3B525E}.Release|Any CPU.ActiveCfg = Release|Any CPU
		{AC359D6C-A10A-4E7D-8715-FF269B3B525E}.Release|Any CPU.Build.0 = Release|Any CPU
		{BB8727E5-8FC0-4769-ABCF-8D0A9648A458}.Debug|Any CPU.ActiveCfg = Debug|Any CPU
		{BB8727E5-8FC0-4769-ABCF-8D0A9648A458}.Debug|Any CPU.Build.0 = Debug|Any CPU
		{BB8727E5-8FC0-4769-ABCF-8D0A9648A458}.Release|Any CPU.ActiveCfg = Release|Any CPU
		{BB8727E5-8FC0-4769-ABCF-8D0A9648A458}.Release|Any CPU.Build.0 = Release|Any CPU
		{AC1C27AE-6F81-40CA-A122-8D42AA0CC98B}.Debug|Any CPU.ActiveCfg = Debug|Any CPU
		{AC1C27AE-6F81-40CA-A122-8D42AA0CC98B}.Debug|Any CPU.Build.0 = Debug|Any CPU
		{AC1C27AE-6F81-40CA-A122-8D42AA0CC98B}.Release|Any CPU.ActiveCfg = Release|Any CPU
		{AC1C27AE-6F81-40CA-A122-8D42AA0CC98B}.Release|Any CPU.Build.0 = Release|Any CPU
		{A84F3515-8FE7-4DB9-BE66-5688E96135EE}.Debug|Any CPU.ActiveCfg = Debug|Any CPU
		{A84F3515-8FE7-4DB9-BE66-5688E96135EE}.Debug|Any CPU.Build.0 = Debug|Any CPU
		{A84F3515-8FE7-4DB9-BE66-5688E96135EE}.Release|Any CPU.ActiveCfg = Release|Any CPU
		{A84F3515-8FE7-4DB9-BE66-5688E96135EE}.Release|Any CPU.Build.0 = Release|Any CPU
		{EEC86BBA-4F6D-45B2-AFB1-899BE832BC81}.Debug|Any CPU.ActiveCfg = Debug|Any CPU
		{EEC86BBA-4F6D-45B2-AFB1-899BE832BC81}.Debug|Any CPU.Build.0 = Debug|Any CPU
		{EEC86BBA-4F6D-45B2-AFB1-899BE832BC81}.Release|Any CPU.ActiveCfg = Release|Any CPU
		{EEC86BBA-4F6D-45B2-AFB1-899BE832BC81}.Release|Any CPU.Build.0 = Release|Any CPU
	EndGlobalSection
	GlobalSection(SolutionProperties) = preSolution
		HideSolutionNode = FALSE
	EndGlobalSection
	GlobalSection(ExtensibilityGlobals) = postSolution
		SolutionGuid = {A362568D-A2FE-4779-846C-5AF94F2DE9FA}
	EndGlobalSection
EndGlobal
